
Microsoft Visual Studio Solution File, Format Version 12.00
# Visual Studio Version 17
VisualStudioVersion = 17.5.002.0
MinimumVisualStudioVersion = 10.0.40219.1
Project("{9A19103F-16F7-4668-BE54-9A1E7A4F7556}") = "StringAssignment5", "StringAssignment5.csproj", "{4CFE861F-27F1-481C-808B-ECE16E478324}"
EndProject
Global
	GlobalSection(SolutionConfigurationPlatforms) = preSolution
		Debug|Any CPU = Debug|Any CPU
		Release|Any CPU = Release|Any CPU
	EndGlobalSection
	GlobalSection(ProjectConfigurationPlatforms) = postSolution
		{4CFE861F-27F1-481C-808B-ECE16E478324}.Debug|Any CPU.ActiveCfg = Debug|Any CPU
		{4CFE861F-27F1-481C-808B-ECE16E478324}.Debug|Any CPU.Build.0 = Debug|Any CPU
		{4CFE861F-27F1-481C-808B-ECE16E478324}.Release|Any CPU.ActiveCfg = Release|Any CPU
		{4CFE861F-27F1-481C-808B-ECE16E478324}.Release|Any CPU.Build.0 = Release|Any CPU
	EndGlobalSection
	GlobalSection(SolutionProperties) = preSolution
		HideSolutionNode = FALSE
	EndGlobalSection
	GlobalSection(ExtensibilityGlobals) = postSolution
		SolutionGuid = {F1F5C963-1439-48B9-9901-27F14744EC3E}
	EndGlobalSection
EndGlobal
