
Microsoft Visual Studio Solution File, Format Version 12.00
# Visual Studio Version 17
VisualStudioVersion = 17.5.002.0
MinimumVisualStudioVersion = 10.0.40219.1
Project("{9A19103F-16F7-4668-BE54-9A1E7A4F7556}") = "Example5", "Example5.csproj", "{AB330CC2-2796-4427-BAE1-0A9E28128910}"
EndProject
Global
	GlobalSection(SolutionConfigurationPlatforms) = preSolution
		Debug|Any CPU = Debug|Any CPU
		Release|Any CPU = Release|Any CPU
	EndGlobalSection
	GlobalSection(ProjectConfigurationPlatforms) = postSolution
		{AB330CC2-2796-4427-BAE1-0A9E28128910}.Debug|Any CPU.ActiveCfg = Debug|Any CPU
		{AB330CC2-2796-4427-BAE1-0A9E28128910}.Debug|Any CPU.Build.0 = Debug|Any CPU
		{AB330CC2-2796-4427-BAE1-0A9E28128910}.Release|Any CPU.ActiveCfg = Release|Any CPU
		{AB330CC2-2796-4427-BAE1-0A9E28128910}.Release|Any CPU.Build.0 = Release|Any CPU
	EndGlobalSection
	GlobalSection(SolutionProperties) = preSolution
		HideSolutionNode = FALSE
	EndGlobalSection
	GlobalSection(ExtensibilityGlobals) = postSolution
		SolutionGuid = {25ED030F-ADAE-46A7-ACC5-CAD769EF9141}
	EndGlobalSection
EndGlobal
