
Microsoft Visual Studio Solution File, Format Version 12.00
# Visual Studio Version 17
VisualStudioVersion = 17.5.002.0
MinimumVisualStudioVersion = 10.0.40219.1
Project("{9A19103F-16F7-4668-BE54-9A1E7A4F7556}") = "question2", "question2.csproj", "{DFD61FC2-6E4B-4048-A4C3-23C8164C7B9B}"
EndProject
Global
	GlobalSection(SolutionConfigurationPlatforms) = preSolution
		Debug|Any CPU = Debug|Any CPU
		Release|Any CPU = Release|Any CPU
	EndGlobalSection
	GlobalSection(ProjectConfigurationPlatforms) = postSolution
		{DFD61FC2-6E4B-4048-A4C3-23C8164C7B9B}.Debug|Any CPU.ActiveCfg = Debug|Any CPU
		{DFD61FC2-6E4B-4048-A4C3-23C8164C7B9B}.Debug|Any CPU.Build.0 = Debug|Any CPU
		{DFD61FC2-6E4B-4048-A4C3-23C8164C7B9B}.Release|Any CPU.ActiveCfg = Release|Any CPU
		{DFD61FC2-6E4B-4048-A4C3-23C8164C7B9B}.Release|Any CPU.Build.0 = Release|Any CPU
	EndGlobalSection
	GlobalSection(SolutionProperties) = preSolution
		HideSolutionNode = FALSE
	EndGlobalSection
	GlobalSection(ExtensibilityGlobals) = postSolution
		SolutionGuid = {D75639A7-151F-498B-A42E-339C15748ECC}
	EndGlobalSection
EndGlobal
