
Microsoft Visual Studio Solution File, Format Version 12.00
# Visual Studio Version 17
VisualStudioVersion = 17.5.002.0
MinimumVisualStudioVersion = 10.0.40219.1
Project("{9A19103F-16F7-4668-BE54-9A1E7A4F7556}") = "UserProfile", "UserProfile.csproj", "{CFD4E78F-F6F2-4177-98A4-4A29141A078D}"
EndProject
Global
	GlobalSection(SolutionConfigurationPlatforms) = preSolution
		Debug|Any CPU = Debug|Any CPU
		Release|Any CPU = Release|Any CPU
	EndGlobalSection
	GlobalSection(ProjectConfigurationPlatforms) = postSolution
		{CFD4E78F-F6F2-4177-98A4-4A29141A078D}.Debug|Any CPU.ActiveCfg = Debug|Any CPU
		{CFD4E78F-F6F2-4177-98A4-4A29141A078D}.Debug|Any CPU.Build.0 = Debug|Any CPU
		{CFD4E78F-F6F2-4177-98A4-4A29141A078D}.Release|Any CPU.ActiveCfg = Release|Any CPU
		{CFD4E78F-F6F2-4177-98A4-4A29141A078D}.Release|Any CPU.Build.0 = Release|Any CPU
	EndGlobalSection
	GlobalSection(SolutionProperties) = preSolution
		HideSolutionNode = FALSE
	EndGlobalSection
	GlobalSection(ExtensibilityGlobals) = postSolution
		SolutionGuid = {0AAD4EED-2A91-4485-97E2-A9186A7CCEEF}
	EndGlobalSection
EndGlobal
