
Microsoft Visual Studio Solution File, Format Version 12.00
# Visual Studio Version 17
VisualStudioVersion = 17.5.002.0
MinimumVisualStudioVersion = 10.0.40219.1
Project("{9A19103F-16F7-4668-BE54-9A1E7A4F7556}") = "BackgroundService", "BackgroundService.csproj", "{64D81692-E749-4EDA-BCDB-6698F5CBFB99}"
EndProject
Global
	GlobalSection(SolutionConfigurationPlatforms) = preSolution
		Debug|Any CPU = Debug|Any CPU
		Release|Any CPU = Release|Any CPU
	EndGlobalSection
	GlobalSection(ProjectConfigurationPlatforms) = postSolution
		{64D81692-E749-4EDA-BCDB-6698F5CBFB99}.Debug|Any CPU.ActiveCfg = Debug|Any CPU
		{64D81692-E749-4EDA-BCDB-6698F5CBFB99}.Debug|Any CPU.Build.0 = Debug|Any CPU
		{64D81692-E749-4EDA-BCDB-6698F5CBFB99}.Release|Any CPU.ActiveCfg = Release|Any CPU
		{64D81692-E749-4EDA-BCDB-6698F5CBFB99}.Release|Any CPU.Build.0 = Release|Any CPU
	EndGlobalSection
	GlobalSection(SolutionProperties) = preSolution
		HideSolutionNode = FALSE
	EndGlobalSection
	GlobalSection(ExtensibilityGlobals) = postSolution
		SolutionGuid = {3B302855-317C-4C1C-954A-569DC67512BC}
	EndGlobalSection
EndGlobal
